PODS:
  - FMDB (2.6.2):
    - FMDB/standard (= 2.6.2)
  - FMDB/standard (2.6.2)
  - MJRefresh (3.1.12)

DEPENDENCIES:
  - FMDB (~> 2.6.2)
  - MJRefresh (from `https://github.com/CoderMJLee/MJRefresh.git`)

EXTERNAL SOURCES:
  MJRefresh:
    :git: https://github.com/CoderMJLee/MJRefresh.git

CHECKOUT OPTIONS:
  MJRefresh:
    :commit: c1a36504f20f18cb90162f4b9f81729669a8ed39
    :git: https://github.com/CoderMJLee/MJRefresh.git

SPEC CHECKSUMS:
  FMDB: 854a0341b4726e53276f2a8996f06f1b80f9259a
  MJRefresh: b96cdb21c4aa75a7b07654311ab2f315c497e806

PODFILE CHECKSUM: 10a4f22ad7423ab37293c51eabce8f4abcfab3de

COCOAPODS: 1.1.1
